// !$*UTF8*$!
{
	archiveVersion = 1;
	classes = {
	};
	objectVersion = 56;
	objects = {

/* Begin PBXBuildFile section */
		677AC7882A8FEE7000BA0499 /* Lesson28ContentView.swift in Sources */ = {isa = PBXBuildFile; fileRef = 677AC7872A8FEE7000BA0499 /* Lesson28ContentView.swift */; };
		677AC78A2A8FEEA700BA0499 /* Lesson28Entity.swift in Sources */ = {isa = PBXBuildFile; fileRef = 677AC7892A8FEEA700BA0499 /* Lesson28Entity.swift */; };
		677AC78C2A8FF38800BA0499 /* Lesson29.swift in Sources */ = {isa = PBXBuildFile; fileRef = 677AC78B2A8FF38800BA0499 /* Lesson29.swift */; };
		677AC78E2A90712000BA0499 /* Lesson30.swift in Sources */ = {isa = PBXBuildFile; fileRef = 677AC78D2A90712000BA0499 /* Lesson30.swift */; };
		677AC7902A907CD100BA0499 /* Lesson31.swift in Sources */ = {isa = PBXBuildFile; fileRef = 677AC78F2A907CD100BA0499 /* Lesson31.swift */; };
		677AC7922A9081BA00BA0499 /* Lesson32.swift in Sources */ = {isa = PBXBuildFile; fileRef = 677AC7912A9081BA00BA0499 /* Lesson32.swift */; };
		677AC7942A90837E00BA0499 /* Lesson33.swift in Sources */ = {isa = PBXBuildFile; fileRef = 677AC7932A90837E00BA0499 /* Lesson33.swift */; };
		677AC7962A9088B200BA0499 /* Lesson34.swift in Sources */ = {isa = PBXBuildFile; fileRef = 677AC7952A9088B200BA0499 /* Lesson34.swift */; };
		677AC7982A90897E00BA0499 /* Lesson35.swift in Sources */ = {isa = PBXBuildFile; fileRef = 677AC7972A90897E00BA0499 /* Lesson35.swift */; };
		677AC79A2A90976700BA0499 /* Lesson36.swift in Sources */ = {isa = PBXBuildFile; fileRef = 677AC7992A90976700BA0499 /* Lesson36.swift */; };
		677AC79D2A91D9C800BA0499 /* Lesson37ContentView.swift in Sources */ = {isa = PBXBuildFile; fileRef = 677AC79C2A91D9C800BA0499 /* Lesson37ContentView.swift */; };
		677AC79F2A91D9DE00BA0499 /* Lesson37PageView.swift in Sources */ = {isa = PBXBuildFile; fileRef = 677AC79E2A91D9DE00BA0499 /* Lesson37PageView.swift */; };
		677AC7A12A91D9ED00BA0499 /* Lesson37PageViewController.swift in Sources */ = {isa = PBXBuildFile; fileRef = 677AC7A02A91D9ED00BA0499 /* Lesson37PageViewController.swift */; };
		677AC7A32A91DA0600BA0499 /* Lesson37PageControl.swift in Sources */ = {isa = PBXBuildFile; fileRef = 677AC7A22A91DA0600BA0499 /* Lesson37PageControl.swift */; };
		677AC7A52A92071100BA0499 /* Lesson38.swift in Sources */ = {isa = PBXBuildFile; fileRef = 677AC7A42A92071100BA0499 /* Lesson38.swift */; };
		677AC7A72A9209D800BA0499 /* Lesson39.swift in Sources */ = {isa = PBXBuildFile; fileRef = 677AC7A62A9209D800BA0499 /* Lesson39.swift */; };
		677AC7A92A92150D00BA0499 /* Lesson40.swift in Sources */ = {isa = PBXBuildFile; fileRef = 677AC7A82A92150D00BA0499 /* Lesson40.swift */; };
		677AC7AB2A9219DC00BA0499 /* Lesson41.swift in Sources */ = {isa = PBXBuildFile; fileRef = 677AC7AA2A9219DC00BA0499 /* Lesson41.swift */; };
		677AC7AD2A92219E00BA0499 /* Lesson42.swift in Sources */ = {isa = PBXBuildFile; fileRef = 677AC7AC2A92219E00BA0499 /* Lesson42.swift */; };
		677AC7AF2A92567600BA0499 /* Lesson43.swift in Sources */ = {isa = PBXBuildFile; fileRef = 677AC7AE2A92567600BA0499 /* Lesson43.swift */; };
		677AC7B12A92823400BA0499 /* Lesson44.swift in Sources */ = {isa = PBXBuildFile; fileRef = 677AC7B02A92823400BA0499 /* Lesson44.swift */; };
		677AC7B32A92862F00BA0499 /* Lesson45.swift in Sources */ = {isa = PBXBuildFile; fileRef = 677AC7B22A92862F00BA0499 /* Lesson45.swift */; };
		67FCDC362A783A9C00434E71 /* SwiftUI100App.swift in Sources */ = {isa = PBXBuildFile; fileRef = 67FCDC352A783A9C00434E71 /* SwiftUI100App.swift */; };
		67FCDC382A783A9C00434E71 /* ContentView.swift in Sources */ = {isa = PBXBuildFile; fileRef = 67FCDC372A783A9C00434E71 /* ContentView.swift */; };
		67FCDC3A2A783A9D00434E71 /* Assets.xcassets in Resources */ = {isa = PBXBuildFile; fileRef = 67FCDC392A783A9D00434E71 /* Assets.xcassets */; };
		67FCDC3D2A783A9D00434E71 /* Preview Assets.xcassets in Resources */ = {isa = PBXBuildFile; fileRef = 67FCDC3C2A783A9D00434E71 /* Preview Assets.xcassets */; };
		67FCDC472A783A9D00434E71 /* SwiftUI100Tests.swift in Sources */ = {isa = PBXBuildFile; fileRef = 67FCDC462A783A9D00434E71 /* SwiftUI100Tests.swift */; };
		67FCDC512A783A9D00434E71 /* SwiftUI100UITests.swift in Sources */ = {isa = PBXBuildFile; fileRef = 67FCDC502A783A9D00434E71 /* SwiftUI100UITests.swift */; };
		67FCDC532A783A9D00434E71 /* SwiftUI100UITestsLaunchTests.swift in Sources */ = {isa = PBXBuildFile; fileRef = 67FCDC522A783A9D00434E71 /* SwiftUI100UITestsLaunchTests.swift */; };
		67FCDC632A7C2C8500434E71 /* Lesson01.swift in Sources */ = {isa = PBXBuildFile; fileRef = 67FCDC622A7C2C8500434E71 /* Lesson01.swift */; };
		67FCDC672A7C2EBE00434E71 /* Lesson02.swift in Sources */ = {isa = PBXBuildFile; fileRef = 67FCDC662A7C2EBE00434E71 /* Lesson02.swift */; };
		67FCDC692A7C2F4D00434E71 /* Lesson03.swift in Sources */ = {isa = PBXBuildFile; fileRef = 67FCDC682A7C2F4D00434E71 /* Lesson03.swift */; };
		67FCDC6B2A7C300E00434E71 /* Lesson04.swift in Sources */ = {isa = PBXBuildFile; fileRef = 67FCDC6A2A7C300E00434E71 /* Lesson04.swift */; };
		67FCDC6D2A7C30DF00434E71 /* Lesson05.swift in Sources */ = {isa = PBXBuildFile; fileRef = 67FCDC6C2A7C30DF00434E71 /* Lesson05.swift */; };
		67FCDC6F2A7C322D00434E71 /* Lesson06.swift in Sources */ = {isa = PBXBuildFile; fileRef = 67FCDC6E2A7C322D00434E71 /* Lesson06.swift */; };
		67FCDC712A7C3ACE00434E71 /* Lesson07.swift in Sources */ = {isa = PBXBuildFile; fileRef = 67FCDC702A7C3ACE00434E71 /* Lesson07.swift */; };
		67FCDC732A7EBB4900434E71 /* Lesson08.swift in Sources */ = {isa = PBXBuildFile; fileRef = 67FCDC722A7EBB4900434E71 /* Lesson08.swift */; };
		67FCDC752A7EBFB500434E71 /* Lesson09.swift in Sources */ = {isa = PBXBuildFile; fileRef = 67FCDC742A7EBFB500434E71 /* Lesson09.swift */; };
		67FCDC772A7EC32C00434E71 /* Lesson10.swift in Sources */ = {isa = PBXBuildFile; fileRef = 67FCDC762A7EC32C00434E71 /* Lesson10.swift */; };
		67FCDC792A7EC44C00434E71 /* Lesson11.swift in Sources */ = {isa = PBXBuildFile; fileRef = 67FCDC782A7EC44C00434E71 /* Lesson11.swift */; };
		67FCDC7B2A7EC5E800434E71 /* Lesson12.swift in Sources */ = {isa = PBXBuildFile; fileRef = 67FCDC7A2A7EC5E800434E71 /* Lesson12.swift */; };
		67FCDC7D2A7EC68800434E71 /* Lesson13.swift in Sources */ = {isa = PBXBuildFile; fileRef = 67FCDC7C2A7EC68800434E71 /* Lesson13.swift */; };
		67FCDC7F2A7ECA5100434E71 /* Lesson14.swift in Sources */ = {isa = PBXBuildFile; fileRef = 67FCDC7E2A7ECA5100434E71 /* Lesson14.swift */; };
		67FCDC812A7ECF6000434E71 /* Lesson15.swift in Sources */ = {isa = PBXBuildFile; fileRef = 67FCDC802A7ECF6000434E71 /* Lesson15.swift */; };
		67FCDC832A7ED0FE00434E71 /* Lesson16.swift in Sources */ = {isa = PBXBuildFile; fileRef = 67FCDC822A7ED0FE00434E71 /* Lesson16.swift */; };
		67FCDC852A7EDCBE00434E71 /* Lesson17.swift in Sources */ = {isa = PBXBuildFile; fileRef = 67FCDC842A7EDCBE00434E71 /* Lesson17.swift */; };
		67FCDC872A7EDD6200434E71 /* Lesson18.swift in Sources */ = {isa = PBXBuildFile; fileRef = 67FCDC862A7EDD6200434E71 /* Lesson18.swift */; };
		67FCDC892A7EE10200434E71 /* Lesson19.swift in Sources */ = {isa = PBXBuildFile; fileRef = 67FCDC882A7EE10200434E71 /* Lesson19.swift */; };
		67FCDC8B2A7EE59000434E71 /* Lesson20.swift in Sources */ = {isa = PBXBuildFile; fileRef = 67FCDC8A2A7EE59000434E71 /* Lesson20.swift */; };
		67FCDC8E2A801E7400434E71 /* Lesson21ContentView.swift in Sources */ = {isa = PBXBuildFile; fileRef = 67FCDC8D2A801E7400434E71 /* Lesson21ContentView.swift */; };
		67FCDC902A8027A700434E71 /* Lesson21ShowMoreView.swift in Sources */ = {isa = PBXBuildFile; fileRef = 67FCDC8F2A8027A700434E71 /* Lesson21ShowMoreView.swift */; };
		67FCDC922A803AF000434E71 /* Lesson22.swift in Sources */ = {isa = PBXBuildFile; fileRef = 67FCDC912A803AF000434E71 /* Lesson22.swift */; };
		67FCDC952A8175BA00434E71 /* Lesson23ContentView.swift in Sources */ = {isa = PBXBuildFile; fileRef = 67FCDC942A8175BA00434E71 /* Lesson23ContentView.swift */; };
		67FCDC972A81856300434E71 /* Lesson23CardView.swift in Sources */ = {isa = PBXBuildFile; fileRef = 67FCDC962A81856300434E71 /* Lesson23CardView.swift */; };
		67FCDC9A2A818D6700434E71 /* Lesson24ContentView.swift in Sources */ = {isa = PBXBuildFile; fileRef = 67FCDC992A818D6700434E71 /* Lesson24ContentView.swift */; };
		67FCDC9C2A818D7000434E71 /* Lesson24CardViewModifier.swift in Sources */ = {isa = PBXBuildFile; fileRef = 67FCDC9B2A818D7000434E71 /* Lesson24CardViewModifier.swift */; };
		67FCDC9E2A84087B00434E71 /* Lesson25.swift in Sources */ = {isa = PBXBuildFile; fileRef = 67FCDC9D2A84087B00434E71 /* Lesson25.swift */; };
		67FCDCA02A840AE300434E71 /* Lesson26.swift in Sources */ = {isa = PBXBuildFile; fileRef = 67FCDC9F2A840AE300434E71 /* Lesson26.swift */; };
		67FCDCA32A840F5F00434E71 /* Lesson27ContentView.swift in Sources */ = {isa = PBXBuildFile; fileRef = 67FCDCA22A840F5F00434E71 /* Lesson27ContentView.swift */; };
		67FCDCA52A840F6A00434E71 /* Lesson27SecondView.swift in Sources */ = {isa = PBXBuildFile; fileRef = 67FCDCA42A840F6A00434E71 /* Lesson27SecondView.swift */; };
/* End PBXBuildFile section */

/* Begin PBXContainerItemProxy section */
		67FCDC432A783A9D00434E71 /* PBXContainerItemProxy */ = {
			isa = PBXContainerItemProxy;
			containerPortal = 67FCDC2A2A783A9C00434E71 /* Project object */;
			proxyType = 1;
			remoteGlobalIDString = 67FCDC312A783A9C00434E71;
			remoteInfo = SwiftUI100;
		};
		67FCDC4D2A783A9D00434E71 /* PBXContainerItemProxy */ = {
			isa = PBXContainerItemProxy;
			containerPortal = 67FCDC2A2A783A9C00434E71 /* Project object */;
			proxyType = 1;
			remoteGlobalIDString = 67FCDC312A783A9C00434E71;
			remoteInfo = SwiftUI100;
		};
/* End PBXContainerItemProxy section */

/* Begin PBXFileReference section */
		677AC7872A8FEE7000BA0499 /* Lesson28ContentView.swift */ = {isa = PBXFileReference; lastKnownFileType = sourcecode.swift; path = Lesson28ContentView.swift; sourceTree = "<group>"; };
		677AC7892A8FEEA700BA0499 /* Lesson28Entity.swift */ = {isa = PBXFileReference; lastKnownFileType = sourcecode.swift; path = Lesson28Entity.swift; sourceTree = "<group>"; };
		677AC78B2A8FF38800BA0499 /* Lesson29.swift */ = {isa = PBXFileReference; lastKnownFileType = sourcecode.swift; path = Lesson29.swift; sourceTree = "<group>"; };
		677AC78D2A90712000BA0499 /* Lesson30.swift */ = {isa = PBXFileReference; lastKnownFileType = sourcecode.swift; path = Lesson30.swift; sourceTree = "<group>"; };
		677AC78F2A907CD100BA0499 /* Lesson31.swift */ = {isa = PBXFileReference; lastKnownFileType = sourcecode.swift; path = Lesson31.swift; sourceTree = "<group>"; };
		677AC7912A9081BA00BA0499 /* Lesson32.swift */ = {isa = PBXFileReference; lastKnownFileType = sourcecode.swift; path = Lesson32.swift; sourceTree = "<group>"; };
		677AC7932A90837E00BA0499 /* Lesson33.swift */ = {isa = PBXFileReference; lastKnownFileType = sourcecode.swift; path = Lesson33.swift; sourceTree = "<group>"; };
		677AC7952A9088B200BA0499 /* Lesson34.swift */ = {isa = PBXFileReference; lastKnownFileType = sourcecode.swift; path = Lesson34.swift; sourceTree = "<group>"; };
		677AC7972A90897E00BA0499 /* Lesson35.swift */ = {isa = PBXFileReference; lastKnownFileType = sourcecode.swift; path = Lesson35.swift; sourceTree = "<group>"; };
		677AC7992A90976700BA0499 /* Lesson36.swift */ = {isa = PBXFileReference; lastKnownFileType = sourcecode.swift; path = Lesson36.swift; sourceTree = "<group>"; };
		677AC79C2A91D9C800BA0499 /* Lesson37ContentView.swift */ = {isa = PBXFileReference; lastKnownFileType = sourcecode.swift; path = Lesson37ContentView.swift; sourceTree = "<group>"; };
		677AC79E2A91D9DE00BA0499 /* Lesson37PageView.swift */ = {isa = PBXFileReference; lastKnownFileType = sourcecode.swift; path = Lesson37PageView.swift; sourceTree = "<group>"; };
		677AC7A02A91D9ED00BA0499 /* Lesson37PageViewController.swift */ = {isa = PBXFileReference; lastKnownFileType = sourcecode.swift; path = Lesson37PageViewController.swift; sourceTree = "<group>"; };
		677AC7A22A91DA0600BA0499 /* Lesson37PageControl.swift */ = {isa = PBXFileReference; lastKnownFileType = sourcecode.swift; path = Lesson37PageControl.swift; sourceTree = "<group>"; };
		677AC7A42A92071100BA0499 /* Lesson38.swift */ = {isa = PBXFileReference; lastKnownFileType = sourcecode.swift; path = Lesson38.swift; sourceTree = "<group>"; };
		677AC7A62A9209D800BA0499 /* Lesson39.swift */ = {isa = PBXFileReference; lastKnownFileType = sourcecode.swift; path = Lesson39.swift; sourceTree = "<group>"; };
		677AC7A82A92150D00BA0499 /* Lesson40.swift */ = {isa = PBXFileReference; lastKnownFileType = sourcecode.swift; path = Lesson40.swift; sourceTree = "<group>"; };
		677AC7AA2A9219DC00BA0499 /* Lesson41.swift */ = {isa = PBXFileReference; lastKnownFileType = sourcecode.swift; path = Lesson41.swift; sourceTree = "<group>"; };
		677AC7AC2A92219E00BA0499 /* Lesson42.swift */ = {isa = PBXFileReference; lastKnownFileType = sourcecode.swift; path = Lesson42.swift; sourceTree = "<group>"; };
		677AC7AE2A92567600BA0499 /* Lesson43.swift */ = {isa = PBXFileReference; lastKnownFileType = sourcecode.swift; path = Lesson43.swift; sourceTree = "<group>"; };
		677AC7B02A92823400BA0499 /* Lesson44.swift */ = {isa = PBXFileReference; lastKnownFileType = sourcecode.swift; path = Lesson44.swift; sourceTree = "<group>"; };
		677AC7B22A92862F00BA0499 /* Lesson45.swift */ = {isa = PBXFileReference; lastKnownFileType = sourcecode.swift; path = Lesson45.swift; sourceTree = "<group>"; };
		67FCDC322A783A9C00434E71 /* SwiftUI100.app */ = {isa = PBXFileReference; explicitFileType = wrapper.application; includeInIndex = 0; path = SwiftUI100.app; sourceTree = BUILT_PRODUCTS_DIR; };
		67FCDC352A783A9C00434E71 /* SwiftUI100App.swift */ = {isa = PBXFileReference; lastKnownFileType = sourcecode.swift; path = SwiftUI100App.swift; sourceTree = "<group>"; };
		67FCDC372A783A9C00434E71 /* ContentView.swift */ = {isa = PBXFileReference; lastKnownFileType = sourcecode.swift; path = ContentView.swift; sourceTree = "<group>"; };
		67FCDC392A783A9D00434E71 /* Assets.xcassets */ = {isa = PBXFileReference; lastKnownFileType = folder.assetcatalog; path = Assets.xcassets; sourceTree = "<group>"; };
		67FCDC3C2A783A9D00434E71 /* Preview Assets.xcassets */ = {isa = PBXFileReference; lastKnownFileType = folder.assetcatalog; path = "Preview Assets.xcassets"; sourceTree = "<group>"; };
		67FCDC422A783A9D00434E71 /* SwiftUI100Tests.xctest */ = {isa = PBXFileReference; explicitFileType = wrapper.cfbundle; includeInIndex = 0; path = SwiftUI100Tests.xctest; sourceTree = BUILT_PRODUCTS_DIR; };
		67FCDC462A783A9D00434E71 /* SwiftUI100Tests.swift */ = {isa = PBXFileReference; lastKnownFileType = sourcecode.swift; path = SwiftUI100Tests.swift; sourceTree = "<group>"; };
		67FCDC4C2A783A9D00434E71 /* SwiftUI100UITests.xctest */ = {isa = PBXFileReference; explicitFileType = wrapper.cfbundle; includeInIndex = 0; path = SwiftUI100UITests.xctest; sourceTree = BUILT_PRODUCTS_DIR; };
		67FCDC502A783A9D00434E71 /* SwiftUI100UITests.swift */ = {isa = PBXFileReference; lastKnownFileType = sourcecode.swift; path = SwiftUI100UITests.swift; sourceTree = "<group>"; };
		67FCDC522A783A9D00434E71 /* SwiftUI100UITestsLaunchTests.swift */ = {isa = PBXFileReference; lastKnownFileType = sourcecode.swift; path = SwiftUI100UITestsLaunchTests.swift; sourceTree = "<group>"; };
		67FCDC622A7C2C8500434E71 /* Lesson01.swift */ = {isa = PBXFileReference; lastKnownFileType = sourcecode.swift; path = Lesson01.swift; sourceTree = "<group>"; };
		67FCDC662A7C2EBE00434E71 /* Lesson02.swift */ = {isa = PBXFileReference; lastKnownFileType = sourcecode.swift; path = Lesson02.swift; sourceTree = "<group>"; };
		67FCDC682A7C2F4D00434E71 /* Lesson03.swift */ = {isa = PBXFileReference; lastKnownFileType = sourcecode.swift; path = Lesson03.swift; sourceTree = "<group>"; };
		67FCDC6A2A7C300E00434E71 /* Lesson04.swift */ = {isa = PBXFileReference; lastKnownFileType = sourcecode.swift; path = Lesson04.swift; sourceTree = "<group>"; };
		67FCDC6C2A7C30DF00434E71 /* Lesson05.swift */ = {isa = PBXFileReference; lastKnownFileType = sourcecode.swift; path = Lesson05.swift; sourceTree = "<group>"; };
		67FCDC6E2A7C322D00434E71 /* Lesson06.swift */ = {isa = PBXFileReference; lastKnownFileType = sourcecode.swift; path = Lesson06.swift; sourceTree = "<group>"; };
		67FCDC702A7C3ACE00434E71 /* Lesson07.swift */ = {isa = PBXFileReference; lastKnownFileType = sourcecode.swift; path = Lesson07.swift; sourceTree = "<group>"; };
		67FCDC722A7EBB4900434E71 /* Lesson08.swift */ = {isa = PBXFileReference; lastKnownFileType = sourcecode.swift; path = Lesson08.swift; sourceTree = "<group>"; };
		67FCDC742A7EBFB500434E71 /* Lesson09.swift */ = {isa = PBXFileReference; lastKnownFileType = sourcecode.swift; path = Lesson09.swift; sourceTree = "<group>"; };
		67FCDC762A7EC32C00434E71 /* Lesson10.swift */ = {isa = PBXFileReference; lastKnownFileType = sourcecode.swift; path = Lesson10.swift; sourceTree = "<group>"; };
		67FCDC782A7EC44C00434E71 /* Lesson11.swift */ = {isa = PBXFileReference; lastKnownFileType = sourcecode.swift; path = Lesson11.swift; sourceTree = "<group>"; };
		67FCDC7A2A7EC5E800434E71 /* Lesson12.swift */ = {isa = PBXFileReference; lastKnownFileType = sourcecode.swift; path = Lesson12.swift; sourceTree = "<group>"; };
		67FCDC7C2A7EC68800434E71 /* Lesson13.swift */ = {isa = PBXFileReference; lastKnownFileType = sourcecode.swift; path = Lesson13.swift; sourceTree = "<group>"; };
		67FCDC7E2A7ECA5100434E71 /* Lesson14.swift */ = {isa = PBXFileReference; lastKnownFileType = sourcecode.swift; path = Lesson14.swift; sourceTree = "<group>"; };
		67FCDC802A7ECF6000434E71 /* Lesson15.swift */ = {isa = PBXFileReference; lastKnownFileType = sourcecode.swift; path = Lesson15.swift; sourceTree = "<group>"; };
		67FCDC822A7ED0FE00434E71 /* Lesson16.swift */ = {isa = PBXFileReference; lastKnownFileType = sourcecode.swift; path = Lesson16.swift; sourceTree = "<group>"; };
		67FCDC842A7EDCBE00434E71 /* Lesson17.swift */ = {isa = PBXFileReference; lastKnownFileType = sourcecode.swift; path = Lesson17.swift; sourceTree = "<group>"; };
		67FCDC862A7EDD6200434E71 /* Lesson18.swift */ = {isa = PBXFileReference; lastKnownFileType = sourcecode.swift; path = Lesson18.swift; sourceTree = "<group>"; };
		67FCDC882A7EE10200434E71 /* Lesson19.swift */ = {isa = PBXFileReference; lastKnownFileType = sourcecode.swift; path = Lesson19.swift; sourceTree = "<group>"; };
		67FCDC8A2A7EE59000434E71 /* Lesson20.swift */ = {isa = PBXFileReference; lastKnownFileType = sourcecode.swift; path = Lesson20.swift; sourceTree = "<group>"; };
		67FCDC8D2A801E7400434E71 /* Lesson21ContentView.swift */ = {isa = PBXFileReference; lastKnownFileType = sourcecode.swift; path = Lesson21ContentView.swift; sourceTree = "<group>"; };
		67FCDC8F2A8027A700434E71 /* Lesson21ShowMoreView.swift */ = {isa = PBXFileReference; lastKnownFileType = sourcecode.swift; path = Lesson21ShowMoreView.swift; sourceTree = "<group>"; };
		67FCDC912A803AF000434E71 /* Lesson22.swift */ = {isa = PBXFileReference; lastKnownFileType = sourcecode.swift; path = Lesson22.swift; sourceTree = "<group>"; };
		67FCDC942A8175BA00434E71 /* Lesson23ContentView.swift */ = {isa = PBXFileReference; lastKnownFileType = sourcecode.swift; path = Lesson23ContentView.swift; sourceTree = "<group>"; };
		67FCDC962A81856300434E71 /* Lesson23CardView.swift */ = {isa = PBXFileReference; lastKnownFileType = sourcecode.swift; path = Lesson23CardView.swift; sourceTree = "<group>"; };
		67FCDC992A818D6700434E71 /* Lesson24ContentView.swift */ = {isa = PBXFileReference; lastKnownFileType = sourcecode.swift; path = Lesson24ContentView.swift; sourceTree = "<group>"; };
		67FCDC9B2A818D7000434E71 /* Lesson24CardViewModifier.swift */ = {isa = PBXFileReference; lastKnownFileType = sourcecode.swift; path = Lesson24CardViewModifier.swift; sourceTree = "<group>"; };
		67FCDC9D2A84087B00434E71 /* Lesson25.swift */ = {isa = PBXFileReference; lastKnownFileType = sourcecode.swift; path = Lesson25.swift; sourceTree = "<group>"; };
		67FCDC9F2A840AE300434E71 /* Lesson26.swift */ = {isa = PBXFileReference; lastKnownFileType = sourcecode.swift; path = Lesson26.swift; sourceTree = "<group>"; };
		67FCDCA22A840F5F00434E71 /* Lesson27ContentView.swift */ = {isa = PBXFileReference; lastKnownFileType = sourcecode.swift; path = Lesson27ContentView.swift; sourceTree = "<group>"; };
		67FCDCA42A840F6A00434E71 /* Lesson27SecondView.swift */ = {isa = PBXFileReference; lastKnownFileType = sourcecode.swift; path = Lesson27SecondView.swift; sourceTree = "<group>"; };
/* End PBXFileReference section */

/* Begin PBXFrameworksBuildPhase section */
		67FCDC2F2A783A9C00434E71 /* Frameworks */ = {
			isa = PBXFrameworksBuildPhase;
			buildActionMask = 2147483647;
			files = (
			);
			runOnlyForDeploymentPostprocessing = 0;
		};
		67FCDC3F2A783A9D00434E71 /* Frameworks */ = {
			isa = PBXFrameworksBuildPhase;
			buildActionMask = 2147483647;
			files = (
			);
			runOnlyForDeploymentPostprocessing = 0;
		};
		67FCDC492A783A9D00434E71 /* Frameworks */ = {
			isa = PBXFrameworksBuildPhase;
			buildActionMask = 2147483647;
			files = (
			);
			runOnlyForDeploymentPostprocessing = 0;
		};
/* End PBXFrameworksBuildPhase section */

/* Begin PBXGroup section */
		677AC7862A8FEE4800BA0499 /* Lesson28 */ = {
			isa = PBXGroup;
			children = (
				677AC7872A8FEE7000BA0499 /* Lesson28ContentView.swift */,
				677AC7892A8FEEA700BA0499 /* Lesson28Entity.swift */,
			);
			path = Lesson28;
			sourceTree = "<group>";
		};
		677AC79B2A91D93D00BA0499 /* Lesson37 */ = {
			isa = PBXGroup;
			children = (
				677AC79C2A91D9C800BA0499 /* Lesson37ContentView.swift */,
				677AC7A22A91DA0600BA0499 /* Lesson37PageControl.swift */,
				677AC79E2A91D9DE00BA0499 /* Lesson37PageView.swift */,
				677AC7A02A91D9ED00BA0499 /* Lesson37PageViewController.swift */,
			);
			path = Lesson37;
			sourceTree = "<group>";
		};
		67FCDC292A783A9C00434E71 = {
			isa = PBXGroup;
			children = (
				67FCDC342A783A9C00434E71 /* SwiftUI100 */,
				67FCDC452A783A9D00434E71 /* SwiftUI100Tests */,
				67FCDC4F2A783A9D00434E71 /* SwiftUI100UITests */,
				67FCDC332A783A9C00434E71 /* Products */,
			);
			sourceTree = "<group>";
		};
		67FCDC332A783A9C00434E71 /* Products */ = {
			isa = PBXGroup;
			children = (
				67FCDC322A783A9C00434E71 /* SwiftUI100.app */,
				67FCDC422A783A9D00434E71 /* SwiftUI100Tests.xctest */,
				67FCDC4C2A783A9D00434E71 /* SwiftUI100UITests.xctest */,
			);
			name = Products;
			sourceTree = "<group>";
		};
		67FCDC342A783A9C00434E71 /* SwiftUI100 */ = {
			isa = PBXGroup;
			children = (
				67FCDC5F2A7C2C6200434E71 /* Lessons */,
				67FCDC352A783A9C00434E71 /* SwiftUI100App.swift */,
				67FCDC372A783A9C00434E71 /* ContentView.swift */,
				67FCDC392A783A9D00434E71 /* Assets.xcassets */,
				67FCDC3B2A783A9D00434E71 /* Preview Content */,
			);
			path = SwiftUI100;
			sourceTree = "<group>";
		};
		67FCDC3B2A783A9D00434E71 /* Preview Content */ = {
			isa = PBXGroup;
			children = (
				67FCDC3C2A783A9D00434E71 /* Preview Assets.xcassets */,
			);
			path = "Preview Content";
			sourceTree = "<group>";
		};
		67FCDC452A783A9D00434E71 /* SwiftUI100Tests */ = {
			isa = PBXGroup;
			children = (
				67FCDC462A783A9D00434E71 /* SwiftUI100Tests.swift */,
			);
			path = SwiftUI100Tests;
			sourceTree = "<group>";
		};
		67FCDC4F2A783A9D00434E71 /* SwiftUI100UITests */ = {
			isa = PBXGroup;
			children = (
				67FCDC502A783A9D00434E71 /* SwiftUI100UITests.swift */,
				67FCDC522A783A9D00434E71 /* SwiftUI100UITestsLaunchTests.swift */,
			);
			path = SwiftUI100UITests;
			sourceTree = "<group>";
		};
		67FCDC5F2A7C2C6200434E71 /* Lessons */ = {
			isa = PBXGroup;
			children = (
				67FCDC622A7C2C8500434E71 /* Lesson01.swift */,
				67FCDC662A7C2EBE00434E71 /* Lesson02.swift */,
				67FCDC682A7C2F4D00434E71 /* Lesson03.swift */,
				67FCDC6A2A7C300E00434E71 /* Lesson04.swift */,
				67FCDC6C2A7C30DF00434E71 /* Lesson05.swift */,
				67FCDC6E2A7C322D00434E71 /* Lesson06.swift */,
				67FCDC702A7C3ACE00434E71 /* Lesson07.swift */,
				67FCDC722A7EBB4900434E71 /* Lesson08.swift */,
				67FCDC742A7EBFB500434E71 /* Lesson09.swift */,
				67FCDC762A7EC32C00434E71 /* Lesson10.swift */,
				67FCDC782A7EC44C00434E71 /* Lesson11.swift */,
				67FCDC7A2A7EC5E800434E71 /* Lesson12.swift */,
				67FCDC7C2A7EC68800434E71 /* Lesson13.swift */,
				67FCDC7E2A7ECA5100434E71 /* Lesson14.swift */,
				67FCDC802A7ECF6000434E71 /* Lesson15.swift */,
				67FCDC822A7ED0FE00434E71 /* Lesson16.swift */,
				67FCDC842A7EDCBE00434E71 /* Lesson17.swift */,
				67FCDC862A7EDD6200434E71 /* Lesson18.swift */,
				67FCDC882A7EE10200434E71 /* Lesson19.swift */,
				67FCDC8A2A7EE59000434E71 /* Lesson20.swift */,
				67FCDC8C2A801E5400434E71 /* Lesson21 */,
				67FCDC912A803AF000434E71 /* Lesson22.swift */,
				67FCDC932A81759A00434E71 /* Lesson23 */,
				67FCDC982A818ACF00434E71 /* Lesson24 */,
				67FCDC9D2A84087B00434E71 /* Lesson25.swift */,
				67FCDC9F2A840AE300434E71 /* Lesson26.swift */,
				67FCDCA12A840F4600434E71 /* Lesson27 */,
				677AC7862A8FEE4800BA0499 /* Lesson28 */,
				677AC78B2A8FF38800BA0499 /* Lesson29.swift */,
				677AC78D2A90712000BA0499 /* Lesson30.swift */,
				677AC78F2A907CD100BA0499 /* Lesson31.swift */,
				677AC7912A9081BA00BA0499 /* Lesson32.swift */,
				677AC7932A90837E00BA0499 /* Lesson33.swift */,
				677AC7952A9088B200BA0499 /* Lesson34.swift */,
				677AC7972A90897E00BA0499 /* Lesson35.swift */,
				677AC7992A90976700BA0499 /* Lesson36.swift */,
				677AC79B2A91D93D00BA0499 /* Lesson37 */,
				677AC7A42A92071100BA0499 /* Lesson38.swift */,
				677AC7A62A9209D800BA0499 /* Lesson39.swift */,
				677AC7A82A92150D00BA0499 /* Lesson40.swift */,
				677AC7AA2A9219DC00BA0499 /* Lesson41.swift */,
				677AC7AC2A92219E00BA0499 /* Lesson42.swift */,
				677AC7AE2A92567600BA0499 /* Lesson43.swift */,
				677AC7B02A92823400BA0499 /* Lesson44.swift */,
				677AC7B22A92862F00BA0499 /* Lesson45.swift */,
			);
			path = Lessons;
			sourceTree = "<group>";
		};
		67FCDC8C2A801E5400434E71 /* Lesson21 */ = {
			isa = PBXGroup;
			children = (
				67FCDC8D2A801E7400434E71 /* Lesson21ContentView.swift */,
				67FCDC8F2A8027A700434E71 /* Lesson21ShowMoreView.swift */,
			);
			path = Lesson21;
			sourceTree = "<group>";
		};
		67FCDC932A81759A00434E71 /* Lesson23 */ = {
			isa = PBXGroup;
			children = (
				67FCDC942A8175BA00434E71 /* Lesson23ContentView.swift */,
				67FCDC962A81856300434E71 /* Lesson23CardView.swift */,
			);
			path = Lesson23;
			sourceTree = "<group>";
		};
		67FCDC982A818ACF00434E71 /* Lesson24 */ = {
			isa = PBXGroup;
			children = (
				67FCDC992A818D6700434E71 /* Lesson24ContentView.swift */,
				67FCDC9B2A818D7000434E71 /* Lesson24CardViewModifier.swift */,
			);
			path = Lesson24;
			sourceTree = "<group>";
		};
		67FCDCA12A840F4600434E71 /* Lesson27 */ = {
			isa = PBXGroup;
			children = (
				67FCDCA22A840F5F00434E71 /* Lesson27ContentView.swift */,
				67FCDCA42A840F6A00434E71 /* Lesson27SecondView.swift */,
			);
			path = Lesson27;
			sourceTree = "<group>";
		};
/* End PBXGroup section */

/* Begin PBXNativeTarget section */
		67FCDC312A783A9C00434E71 /* SwiftUI100 */ = {
			isa = PBXNativeTarget;
			buildConfigurationList = 67FCDC562A783A9D00434E71 /* Build configuration list for PBXNativeTarget "SwiftUI100" */;
			buildPhases = (
				67FCDC2E2A783A9C00434E71 /* Sources */,
				67FCDC2F2A783A9C00434E71 /* Frameworks */,
				67FCDC302A783A9C00434E71 /* Resources */,
			);
			buildRules = (
			);
			dependencies = (
			);
			name = SwiftUI100;
			productName = SwiftUI100;
			productReference = 67FCDC322A783A9C00434E71 /* SwiftUI100.app */;
			productType = "com.apple.product-type.application";
		};
		67FCDC412A783A9D00434E71 /* SwiftUI100Tests */ = {
			isa = PBXNativeTarget;
			buildConfigurationList = 67FCDC592A783A9D00434E71 /* Build configuration list for PBXNativeTarget "SwiftUI100Tests" */;
			buildPhases = (
				67FCDC3E2A783A9D00434E71 /* Sources */,
				67FCDC3F2A783A9D00434E71 /* Frameworks */,
				67FCDC402A783A9D00434E71 /* Resources */,
			);
			buildRules = (
			);
			dependencies = (
				67FCDC442A783A9D00434E71 /* PBXTargetDependency */,
			);
			name = SwiftUI100Tests;
			productName = SwiftUI100Tests;
			productReference = 67FCDC422A783A9D00434E71 /* SwiftUI100Tests.xctest */;
			productType = "com.apple.product-type.bundle.unit-test";
		};
		67FCDC4B2A783A9D00434E71 /* SwiftUI100UITests */ = {
			isa = PBXNativeTarget;
			buildConfigurationList = 67FCDC5C2A783A9D00434E71 /* Build configuration list for PBXNativeTarget "SwiftUI100UITests" */;
			buildPhases = (
				67FCDC482A783A9D00434E71 /* Sources */,
				67FCDC492A783A9D00434E71 /* Frameworks */,
				67FCDC4A2A783A9D00434E71 /* Resources */,
			);
			buildRules = (
			);
			dependencies = (
				67FCDC4E2A783A9D00434E71 /* PBXTargetDependency */,
			);
			name = SwiftUI100UITests;
			productName = SwiftUI100UITests;
			productReference = 67FCDC4C2A783A9D00434E71 /* SwiftUI100UITests.xctest */;
			productType = "com.apple.product-type.bundle.ui-testing";
		};
/* End PBXNativeTarget section */

/* Begin PBXProject section */
		67FCDC2A2A783A9C00434E71 /* Project object */ = {
			isa = PBXProject;
			attributes = {
				BuildIndependentTargetsInParallel = 1;
				LastSwiftUpdateCheck = 1430;
				LastUpgradeCheck = 1430;
				TargetAttributes = {
					67FCDC312A783A9C00434E71 = {
						CreatedOnToolsVersion = 14.3.1;
					};
					67FCDC412A783A9D00434E71 = {
						CreatedOnToolsVersion = 14.3.1;
						TestTargetID = 67FCDC312A783A9C00434E71;
					};
					67FCDC4B2A783A9D00434E71 = {
						CreatedOnToolsVersion = 14.3.1;
						TestTargetID = 67FCDC312A783A9C00434E71;
					};
				};
			};
			buildConfigurationList = 67FCDC2D2A783A9C00434E71 /* Build configuration list for PBXProject "SwiftUI100" */;
			compatibilityVersion = "Xcode 14.0";
			developmentRegion = en;
			hasScannedForEncodings = 0;
			knownRegions = (
				en,
				Base,
			);
			mainGroup = 67FCDC292A783A9C00434E71;
			productRefGroup = 67FCDC332A783A9C00434E71 /* Products */;
			projectDirPath = "";
			projectRoot = "";
			targets = (
				67FCDC312A783A9C00434E71 /* SwiftUI100 */,
				67FCDC412A783A9D00434E71 /* SwiftUI100Tests */,
				67FCDC4B2A783A9D00434E71 /* SwiftUI100UITests */,
			);
		};
/* End PBXProject section */

/* Begin PBXResourcesBuildPhase section */
		67FCDC302A783A9C00434E71 /* Resources */ = {
			isa = PBXResourcesBuildPhase;
			buildActionMask = 2147483647;
			files = (
				67FCDC3D2A783A9D00434E71 /* Preview Assets.xcassets in Resources */,
				67FCDC3A2A783A9D00434E71 /* Assets.xcassets in Resources */,
			);
			runOnlyForDeploymentPostprocessing = 0;
		};
		67FCDC402A783A9D00434E71 /* Resources */ = {
			isa = PBXResourcesBuildPhase;
			buildActionMask = 2147483647;
			files = (
			);
			runOnlyForDeploymentPostprocessing = 0;
		};
		67FCDC4A2A783A9D00434E71 /* Resources */ = {
			isa = PBXResourcesBuildPhase;
			buildActionMask = 2147483647;
			files = (
			);
			runOnlyForDeploymentPostprocessing = 0;
		};
/* End PBXResourcesBuildPhase section */

/* Begin PBXSourcesBuildPhase section */
		67FCDC2E2A783A9C00434E71 /* Sources */ = {
			isa = PBXSourcesBuildPhase;
			buildActionMask = 2147483647;
			files = (
				67FCDC892A7EE10200434E71 /* Lesson19.swift in Sources */,
				677AC7982A90897E00BA0499 /* Lesson35.swift in Sources */,
				677AC7A72A9209D800BA0499 /* Lesson39.swift in Sources */,
				677AC7AF2A92567600BA0499 /* Lesson43.swift in Sources */,
				67FCDC832A7ED0FE00434E71 /* Lesson16.swift in Sources */,
				67FCDC7B2A7EC5E800434E71 /* Lesson12.swift in Sources */,
				677AC78A2A8FEEA700BA0499 /* Lesson28Entity.swift in Sources */,
				67FCDC872A7EDD6200434E71 /* Lesson18.swift in Sources */,
				67FCDC382A783A9C00434E71 /* ContentView.swift in Sources */,
				677AC7B32A92862F00BA0499 /* Lesson45.swift in Sources */,
				67FCDC7F2A7ECA5100434E71 /* Lesson14.swift in Sources */,
				677AC7A92A92150D00BA0499 /* Lesson40.swift in Sources */,
				677AC7922A9081BA00BA0499 /* Lesson32.swift in Sources */,
				677AC79A2A90976700BA0499 /* Lesson36.swift in Sources */,
				67FCDC6B2A7C300E00434E71 /* Lesson04.swift in Sources */,
				67FCDCA32A840F5F00434E71 /* Lesson27ContentView.swift in Sources */,
				677AC7B12A92823400BA0499 /* Lesson44.swift in Sources */,
				67FCDC792A7EC44C00434E71 /* Lesson11.swift in Sources */,
				67FCDC812A7ECF6000434E71 /* Lesson15.swift in Sources */,
				67FCDC9C2A818D7000434E71 /* Lesson24CardViewModifier.swift in Sources */,
				67FCDC632A7C2C8500434E71 /* Lesson01.swift in Sources */,
				67FCDC852A7EDCBE00434E71 /* Lesson17.swift in Sources */,
				67FCDCA02A840AE300434E71 /* Lesson26.swift in Sources */,
				67FCDC972A81856300434E71 /* Lesson23CardView.swift in Sources */,
				67FCDC902A8027A700434E71 /* Lesson21ShowMoreView.swift in Sources */,
				677AC79D2A91D9C800BA0499 /* Lesson37ContentView.swift in Sources */,
				677AC78E2A90712000BA0499 /* Lesson30.swift in Sources */,
				67FCDC732A7EBB4900434E71 /* Lesson08.swift in Sources */,
				67FCDC752A7EBFB500434E71 /* Lesson09.swift in Sources */,
				67FCDC8E2A801E7400434E71 /* Lesson21ContentView.swift in Sources */,
				677AC78C2A8FF38800BA0499 /* Lesson29.swift in Sources */,
				67FCDC8B2A7EE59000434E71 /* Lesson20.swift in Sources */,
				677AC7A32A91DA0600BA0499 /* Lesson37PageControl.swift in Sources */,
				67FCDC922A803AF000434E71 /* Lesson22.swift in Sources */,
				67FCDC6F2A7C322D00434E71 /* Lesson06.swift in Sources */,
				67FCDC772A7EC32C00434E71 /* Lesson10.swift in Sources */,
				677AC7AB2A9219DC00BA0499 /* Lesson41.swift in Sources */,
				67FCDC9A2A818D6700434E71 /* Lesson24ContentView.swift in Sources */,
				67FCDC362A783A9C00434E71 /* SwiftUI100App.swift in Sources */,
				67FCDC692A7C2F4D00434E71 /* Lesson03.swift in Sources */,
				67FCDC952A8175BA00434E71 /* Lesson23ContentView.swift in Sources */,
				677AC7962A9088B200BA0499 /* Lesson34.swift in Sources */,
				67FCDC6D2A7C30DF00434E71 /* Lesson05.swift in Sources */,
				677AC7A12A91D9ED00BA0499 /* Lesson37PageViewController.swift in Sources */,
				677AC7902A907CD100BA0499 /* Lesson31.swift in Sources */,
				67FCDC9E2A84087B00434E71 /* Lesson25.swift in Sources */,
				677AC7A52A92071100BA0499 /* Lesson38.swift in Sources */,
				67FCDC7D2A7EC68800434E71 /* Lesson13.swift in Sources */,
				677AC79F2A91D9DE00BA0499 /* Lesson37PageView.swift in Sources */,
				677AC7942A90837E00BA0499 /* Lesson33.swift in Sources */,
				677AC7AD2A92219E00BA0499 /* Lesson42.swift in Sources */,
				67FCDCA52A840F6A00434E71 /* Lesson27SecondView.swift in Sources */,
				67FCDC712A7C3ACE00434E71 /* Lesson07.swift in Sources */,
				677AC7882A8FEE7000BA0499 /* Lesson28ContentView.swift in Sources */,
				67FCDC672A7C2EBE00434E71 /* Lesson02.swift in Sources */,
			);
			runOnlyForDeploymentPostprocessing = 0;
		};
		67FCDC3E2A783A9D00434E71 /* Sources */ = {
			isa = PBXSourcesBuildPhase;
			buildActionMask = 2147483647;
			files = (
				67FCDC472A783A9D00434E71 /* SwiftUI100Tests.swift in Sources */,
			);
			runOnlyForDeploymentPostprocessing = 0;
		};
		67FCDC482A783A9D00434E71 /* Sources */ = {
			isa = PBXSourcesBuildPhase;
			buildActionMask = 2147483647;
			files = (
				67FCDC532A783A9D00434E71 /* SwiftUI100UITestsLaunchTests.swift in Sources */,
				67FCDC512A783A9D00434E71 /* SwiftUI100UITests.swift in Sources */,
			);
			runOnlyForDeploymentPostprocessing = 0;
		};
/* End PBXSourcesBuildPhase section */

/* Begin PBXTargetDependency section */
		67FCDC442A783A9D00434E71 /* PBXTargetDependency */ = {
			isa = PBXTargetDependency;
			target = 67FCDC312A783A9C00434E71 /* SwiftUI100 */;
			targetProxy = 67FCDC432A783A9D00434E71 /* PBXContainerItemProxy */;
		};
		67FCDC4E2A783A9D00434E71 /* PBXTargetDependency */ = {
			isa = PBXTargetDependency;
			target = 67FCDC312A783A9C00434E71 /* SwiftUI100 */;
			targetProxy = 67FCDC4D2A783A9D00434E71 /* PBXContainerItemProxy */;
		};
/* End PBXTargetDependency section */

/* Begin XCBuildConfiguration section */
		67FCDC542A783A9D00434E71 /* Debug */ = {
			isa = XCBuildConfiguration;
			buildSettings = {
				ALWAYS_SEARCH_USER_PATHS = NO;
				CLANG_ANALYZER_NONNULL = YES;
				CLANG_ANALYZER_NUMBER_OBJECT_CONVERSION = YES_AGGRESSIVE;
				CLANG_CXX_LANGUAGE_STANDARD = "gnu++20";
				CLANG_ENABLE_MODULES = YES;
				CLANG_ENABLE_OBJC_ARC = YES;
				CLANG_ENABLE_OBJC_WEAK = YES;
				CLANG_WARN_BLOCK_CAPTURE_AUTORELEASING = YES;
				CLANG_WARN_BOOL_CONVERSION = YES;
				CLANG_WARN_COMMA = YES;
				CLANG_WARN_CONSTANT_CONVERSION = YES;
				CLANG_WARN_DEPRECATED_OBJC_IMPLEMENTATIONS = YES;
				CLANG_WARN_DIRECT_OBJC_ISA_USAGE = YES_ERROR;
				CLANG_WARN_DOCUMENTATION_COMMENTS = YES;
				CLANG_WARN_EMPTY_BODY = YES;
				CLANG_WARN_ENUM_CONVERSION = YES;
				CLANG_WARN_INFINITE_RECURSION = YES;
				CLANG_WARN_INT_CONVERSION = YES;
				CLANG_WARN_NON_LITERAL_NULL_CONVERSION = YES;
				CLANG_WARN_OBJC_IMPLICIT_RETAIN_SELF = YES;
				CLANG_WARN_OBJC_LITERAL_CONVERSION = YES;
				CLANG_WARN_OBJC_ROOT_CLASS = YES_ERROR;
				CLANG_WARN_QUOTED_INCLUDE_IN_FRAMEWORK_HEADER = YES;
				CLANG_WARN_RANGE_LOOP_ANALYSIS = YES;
				CLANG_WARN_STRICT_PROTOTYPES = YES;
				CLANG_WARN_SUSPICIOUS_MOVE = YES;
				CLANG_WARN_UNGUARDED_AVAILABILITY = YES_AGGRESSIVE;
				CLANG_WARN_UNREACHABLE_CODE = YES;
				CLANG_WARN__DUPLICATE_METHOD_MATCH = YES;
				COPY_PHASE_STRIP = NO;
				DEBUG_INFORMATION_FORMAT = dwarf;
				ENABLE_STRICT_OBJC_MSGSEND = YES;
				ENABLE_TESTABILITY = YES;
				GCC_C_LANGUAGE_STANDARD = gnu11;
				GCC_DYNAMIC_NO_PIC = NO;
				GCC_NO_COMMON_BLOCKS = YES;
				GCC_OPTIMIZATION_LEVEL = 0;
				GCC_PREPROCESSOR_DEFINITIONS = (
					"DEBUG=1",
					"$(inherited)",
				);
				GCC_WARN_64_TO_32_BIT_CONVERSION = YES;
				GCC_WARN_ABOUT_RETURN_TYPE = YES_ERROR;
				GCC_WARN_UNDECLARED_SELECTOR = YES;
				GCC_WARN_UNINITIALIZED_AUTOS = YES_AGGRESSIVE;
				GCC_WARN_UNUSED_FUNCTION = YES;
				GCC_WARN_UNUSED_VARIABLE = YES;
				IPHONEOS_DEPLOYMENT_TARGET = 16.4;
				MTL_ENABLE_DEBUG_INFO = INCLUDE_SOURCE;
				MTL_FAST_MATH = YES;
				ONLY_ACTIVE_ARCH = YES;
				SDKROOT = iphoneos;
				SWIFT_ACTIVE_COMPILATION_CONDITIONS = DEBUG;
				SWIFT_OPTIMIZATION_LEVEL = "-Onone";
			};
			name = Debug;
		};
		67FCDC552A783A9D00434E71 /* Release */ = {
			isa = XCBuildConfiguration;
			buildSettings = {
				ALWAYS_SEARCH_USER_PATHS = NO;
				CLANG_ANALYZER_NONNULL = YES;
				CLANG_ANALYZER_NUMBER_OBJECT_CONVERSION = YES_AGGRESSIVE;
				CLANG_CXX_LANGUAGE_STANDARD = "gnu++20";
				CLANG_ENABLE_MODULES = YES;
				CLANG_ENABLE_OBJC_ARC = YES;
				CLANG_ENABLE_OBJC_WEAK = YES;
				CLANG_WARN_BLOCK_CAPTURE_AUTORELEASING = YES;
				CLANG_WARN_BOOL_CONVERSION = YES;
				CLANG_WARN_COMMA = YES;
				CLANG_WARN_CONSTANT_CONVERSION = YES;
				CLANG_WARN_DEPRECATED_OBJC_IMPLEMENTATIONS = YES;
				CLANG_WARN_DIRECT_OBJC_ISA_USAGE = YES_ERROR;
				CLANG_WARN_DOCUMENTATION_COMMENTS = YES;
				CLANG_WARN_EMPTY_BODY = YES;
				CLANG_WARN_ENUM_CONVERSION = YES;
				CLANG_WARN_INFINITE_RECURSION = YES;
				CLANG_WARN_INT_CONVERSION = YES;
				CLANG_WARN_NON_LITERAL_NULL_CONVERSION = YES;
				CLANG_WARN_OBJC_IMPLICIT_RETAIN_SELF = YES;
				CLANG_WARN_OBJC_LITERAL_CONVERSION = YES;
				CLANG_WARN_OBJC_ROOT_CLASS = YES_ERROR;
				CLANG_WARN_QUOTED_INCLUDE_IN_FRAMEWORK_HEADER = YES;
				CLANG_WARN_RANGE_LOOP_ANALYSIS = YES;
				CLANG_WARN_STRICT_PROTOTYPES = YES;
				CLANG_WARN_SUSPICIOUS_MOVE = YES;
				CLANG_WARN_UNGUARDED_AVAILABILITY = YES_AGGRESSIVE;
				CLANG_WARN_UNREACHABLE_CODE = YES;
				CLANG_WARN__DUPLICATE_METHOD_MATCH = YES;
				COPY_PHASE_STRIP = NO;
				DEBUG_INFORMATION_FORMAT = "dwarf-with-dsym";
				ENABLE_NS_ASSERTIONS = NO;
				ENABLE_STRICT_OBJC_MSGSEND = YES;
				GCC_C_LANGUAGE_STANDARD = gnu11;
				GCC_NO_COMMON_BLOCKS = YES;
				GCC_WARN_64_TO_32_BIT_CONVERSION = YES;
				GCC_WARN_ABOUT_RETURN_TYPE = YES_ERROR;
				GCC_WARN_UNDECLARED_SELECTOR = YES;
				GCC_WARN_UNINITIALIZED_AUTOS = YES_AGGRESSIVE;
				GCC_WARN_UNUSED_FUNCTION = YES;
				GCC_WARN_UNUSED_VARIABLE = YES;
				IPHONEOS_DEPLOYMENT_TARGET = 16.4;
				MTL_ENABLE_DEBUG_INFO = NO;
				MTL_FAST_MATH = YES;
				SDKROOT = iphoneos;
				SWIFT_COMPILATION_MODE = wholemodule;
				SWIFT_OPTIMIZATION_LEVEL = "-O";
				VALIDATE_PRODUCT = YES;
			};
			name = Release;
		};
		67FCDC572A783A9D00434E71 /* Debug */ = {
			isa = XCBuildConfiguration;
			buildSettings = {
				ASSETCATALOG_COMPILER_APPICON_NAME = AppIcon;
				ASSETCATALOG_COMPILER_GLOBAL_ACCENT_COLOR_NAME = AccentColor;
				CODE_SIGN_STYLE = Automatic;
				CURRENT_PROJECT_VERSION = 1;
				DEVELOPMENT_ASSET_PATHS = "\"SwiftUI100/Preview Content\"";
				DEVELOPMENT_TEAM = D2B3JPR4TJ;
				ENABLE_PREVIEWS = YES;
				GENERATE_INFOPLIST_FILE = YES;
				INFOPLIST_KEY_UIApplicationSceneManifest_Generation = YES;
				INFOPLIST_KEY_UIApplicationSupportsIndirectInputEvents = YES;
				INFOPLIST_KEY_UILaunchScreen_Generation = YES;
				INFOPLIST_KEY_UISupportedInterfaceOrientations = "UIInterfaceOrientationLandscapeLeft UIInterfaceOrientationLandscapeRight UIInterfaceOrientationPortrait";
				INFOPLIST_KEY_UISupportedInterfaceOrientations_iPad = "UIInterfaceOrientationLandscapeLeft UIInterfaceOrientationLandscapeRight UIInterfaceOrientationPortrait UIInterfaceOrientationPortraitUpsideDown";
				LD_RUNPATH_SEARCH_PATHS = (
					"$(inherited)",
					"@executable_path/Frameworks",
				);
				MARKETING_VERSION = 1.0;
				PRODUCT_BUNDLE_IDENTIFIER = kei.SwiftUI100;
				PRODUCT_NAME = "$(TARGET_NAME)";
				SWIFT_EMIT_LOC_STRINGS = YES;
				SWIFT_VERSION = 5.0;
				TARGETED_DEVICE_FAMILY = "1,2";
			};
			name = Debug;
		};
		67FCDC582A783A9D00434E71 /* Release */ = {
			isa = XCBuildConfiguration;
			buildSettings = {
				ASSETCATALOG_COMPILER_APPICON_NAME = AppIcon;
				ASSETCATALOG_COMPILER_GLOBAL_ACCENT_COLOR_NAME = AccentColor;
				CODE_SIGN_STYLE = Automatic;
				CURRENT_PROJECT_VERSION = 1;
				DEVELOPMENT_ASSET_PATHS = "\"SwiftUI100/Preview Content\"";
				DEVELOPMENT_TEAM = D2B3JPR4TJ;
				ENABLE_PREVIEWS = YES;
				GENERATE_INFOPLIST_FILE = YES;
				INFOPLIST_KEY_UIApplicationSceneManifest_Generation = YES;
				INFOPLIST_KEY_UIApplicationSupportsIndirectInputEvents = YES;
				INFOPLIST_KEY_UILaunchScreen_Generation = YES;
				INFOPLIST_KEY_UISupportedInterfaceOrientations = "UIInterfaceOrientationLandscapeLeft UIInterfaceOrientationLandscapeRight UIInterfaceOrientationPortrait";
				INFOPLIST_KEY_UISupportedInterfaceOrientations_iPad = "UIInterfaceOrientationLandscapeLeft UIInterfaceOrientationLandscapeRight UIInterfaceOrientationPortrait UIInterfaceOrientationPortraitUpsideDown";
				LD_RUNPATH_SEARCH_PATHS = (
					"$(inherited)",
					"@executable_path/Frameworks",
				);
				MARKETING_VERSION = 1.0;
				PRODUCT_BUNDLE_IDENTIFIER = kei.SwiftUI100;
				PRODUCT_NAME = "$(TARGET_NAME)";
				SWIFT_EMIT_LOC_STRINGS = YES;
				SWIFT_VERSION = 5.0;
				TARGETED_DEVICE_FAMILY = "1,2";
			};
			name = Release;
		};
		67FCDC5A2A783A9D00434E71 /* Debug */ = {
			isa = XCBuildConfiguration;
			buildSettings = {
				ALWAYS_EMBED_SWIFT_STANDARD_LIBRARIES = YES;
				BUNDLE_LOADER = "$(TEST_HOST)";
				CODE_SIGN_STYLE = Automatic;
				CURRENT_PROJECT_VERSION = 1;
				DEVELOPMENT_TEAM = D2B3JPR4TJ;
				GENERATE_INFOPLIST_FILE = YES;
				IPHONEOS_DEPLOYMENT_TARGET = 16.4;
				MARKETING_VERSION = 1.0;
				PRODUCT_BUNDLE_IDENTIFIER = kei.SwiftUI100Tests;
				PRODUCT_NAME = "$(TARGET_NAME)";
				SWIFT_EMIT_LOC_STRINGS = NO;
				SWIFT_VERSION = 5.0;
				TARGETED_DEVICE_FAMILY = "1,2";
				TEST_HOST = "$(BUILT_PRODUCTS_DIR)/SwiftUI100.app/$(BUNDLE_EXECUTABLE_FOLDER_PATH)/SwiftUI100";
			};
			name = Debug;
		};
		67FCDC5B2A783A9D00434E71 /* Release */ = {
			isa = XCBuildConfiguration;
			buildSettings = {
				ALWAYS_EMBED_SWIFT_STANDARD_LIBRARIES = YES;
				BUNDLE_LOADER = "$(TEST_HOST)";
				CODE_SIGN_STYLE = Automatic;
				CURRENT_PROJECT_VERSION = 1;
				DEVELOPMENT_TEAM = D2B3JPR4TJ;
				GENERATE_INFOPLIST_FILE = YES;
				IPHONEOS_DEPLOYMENT_TARGET = 16.4;
				MARKETING_VERSION = 1.0;
				PRODUCT_BUNDLE_IDENTIFIER = kei.SwiftUI100Tests;
				PRODUCT_NAME = "$(TARGET_NAME)";
				SWIFT_EMIT_LOC_STRINGS = NO;
				SWIFT_VERSION = 5.0;
				TARGETED_DEVICE_FAMILY = "1,2";
				TEST_HOST = "$(BUILT_PRODUCTS_DIR)/SwiftUI100.app/$(BUNDLE_EXECUTABLE_FOLDER_PATH)/SwiftUI100";
			};
			name = Release;
		};
		67FCDC5D2A783A9D00434E71 /* Debug */ = {
			isa = XCBuildConfiguration;
			buildSettings = {
				ALWAYS_EMBED_SWIFT_STANDARD_LIBRARIES = YES;
				CODE_SIGN_STYLE = Automatic;
				CURRENT_PROJECT_VERSION = 1;
				DEVELOPMENT_TEAM = D2B3JPR4TJ;
				GENERATE_INFOPLIST_FILE = YES;
				MARKETING_VERSION = 1.0;
				PRODUCT_BUNDLE_IDENTIFIER = kei.SwiftUI100UITests;
				PRODUCT_NAME = "$(TARGET_NAME)";
				SWIFT_EMIT_LOC_STRINGS = NO;
				SWIFT_VERSION = 5.0;
				TARGETED_DEVICE_FAMILY = "1,2";
				TEST_TARGET_NAME = SwiftUI100;
			};
			name = Debug;
		};
		67FCDC5E2A783A9D00434E71 /* Release */ = {
			isa = XCBuildConfiguration;
			buildSettings = {
				ALWAYS_EMBED_SWIFT_STANDARD_LIBRARIES = YES;
				CODE_SIGN_STYLE = Automatic;
				CURRENT_PROJECT_VERSION = 1;
				DEVELOPMENT_TEAM = D2B3JPR4TJ;
				GENERATE_INFOPLIST_FILE = YES;
				MARKETING_VERSION = 1.0;
				PRODUCT_BUNDLE_IDENTIFIER = kei.SwiftUI100UITests;
				PRODUCT_NAME = "$(TARGET_NAME)";
				SWIFT_EMIT_LOC_STRINGS = NO;
				SWIFT_VERSION = 5.0;
				TARGETED_DEVICE_FAMILY = "1,2";
				TEST_TARGET_NAME = SwiftUI100;
			};
			name = Release;
		};
/* End XCBuildConfiguration section */

/* Begin XCConfigurationList section */
		67FCDC2D2A783A9C00434E71 /* Build configuration list for PBXProject "SwiftUI100" */ = {
			isa = XCConfigurationList;
			buildConfigurations = (
				67FCDC542A783A9D00434E71 /* Debug */,
				67FCDC552A783A9D00434E71 /* Release */,
			);
			defaultConfigurationIsVisible = 0;
			defaultConfigurationName = Release;
		};
		67FCDC562A783A9D00434E71 /* Build configuration list for PBXNativeTarget "SwiftUI100" */ = {
			isa = XCConfigurationList;
			buildConfigurations = (
				67FCDC572A783A9D00434E71 /* Debug */,
				67FCDC582A783A9D00434E71 /* Release */,
			);
			defaultConfigurationIsVisible = 0;
			defaultConfigurationName = Release;
		};
		67FCDC592A783A9D00434E71 /* Build configuration list for PBXNativeTarget "SwiftUI100Tests" */ = {
			isa = XCConfigurationList;
			buildConfigurations = (
				67FCDC5A2A783A9D00434E71 /* Debug */,
				67FCDC5B2A783A9D00434E71 /* Release */,
			);
			defaultConfigurationIsVisible = 0;
			defaultConfigurationName = Release;
		};
		67FCDC5C2A783A9D00434E71 /* Build configuration list for PBXNativeTarget "SwiftUI100UITests" */ = {
			isa = XCConfigurationList;
			buildConfigurations = (
				67FCDC5D2A783A9D00434E71 /* Debug */,
				67FCDC5E2A783A9D00434E71 /* Release */,
			);
			defaultConfigurationIsVisible = 0;
			defaultConfigurationName = Release;
		};
/* End XCConfigurationList section */
	};
	rootObject = 67FCDC2A2A783A9C00434E71 /* Project object */;
}
